
Microsoft Visual Studio Solution File, Format Version 12.00
# Visual Studio Version 17
VisualStudioVersion = 17.3.32901.215
MinimumVisualStudioVersion = 10.0.40219.1
Project("{FAE04EC0-301F-11D3-BF4B-00C04F79EFBC}") = "CMD", "CMD.csproj", "{40679B29-842A-4723-94DD-F89572FD6059}"
EndProject
Project("{FAE04EC0-301F-11D3-BF4B-00C04F79EFBC}") = "CMD.Tests", "..\CMD.Tests\CMD.Tests.csproj", "{56C9A2F5-4B6C-4F29-9943-7B72C1FEF9EC}"
EndProject
Global
	GlobalSection(SolutionConfigurationPlatforms) = preSolution
		Debug|Any CPU = Debug|Any CPU
		Release|Any CPU = Release|Any CPU
	EndGlobalSection
	GlobalSection(ProjectConfigurationPlatforms) = postSolution
		{40679B29-842A-4723-94DD-F89572FD6059}.Debug|Any CPU.ActiveCfg = Debug|Any CPU
		{40679B29-842A-4723-94DD-F89572FD6059}.Debug|Any CPU.Build.0 = Debug|Any CPU
		{40679B29-842A-4723-94DD-F89572FD6059}.Release|Any CPU.ActiveCfg = Release|Any CPU
		{40679B29-842A-4723-94DD-F89572FD6059}.Release|Any CPU.Build.0 = Release|Any CPU
		{56C9A2F5-4B6C-4F29-9943-7B72C1FEF9EC}.Debug|Any CPU.ActiveCfg = Debug|Any CPU
		{56C9A2F5-4B6C-4F29-9943-7B72C1FEF9EC}.Debug|Any CPU.Build.0 = Debug|Any CPU
		{56C9A2F5-4B6C-4F29-9943-7B72C1FEF9EC}.Release|Any CPU.ActiveCfg = Release|Any CPU
		{56C9A2F5-4B6C-4F29-9943-7B72C1FEF9EC}.Release|Any CPU.Build.0 = Release|Any CPU
	EndGlobalSection
	GlobalSection(SolutionProperties) = preSolution
		HideSolutionNode = FALSE
	EndGlobalSection
	GlobalSection(ExtensibilityGlobals) = postSolution
		SolutionGuid = {2658988F-2BB2-47DE-A7AA-9EE10CD25C25}
	EndGlobalSection
EndGlobal
